PODS:
  - CasePaths (0.1.0)
  - RxCocoa (5.1.1):
    - RxRelay (~> 5)
    - RxSwift (~> 5)
  - RxRelay (5.1.3):
    - RxSwift (~> 5)
  - RxSwift (5.1.1)

DEPENDENCIES:
  - CasePaths (from `./RxComposableArchitecture/development-podspecs/CasePaths.podspec.json`)
  - RxCocoa (= 5.1.1)
  - RxSwift (= 5.1.1)

SPEC REPOS:
  trunk:
    - RxCocoa
    - RxRelay
    - RxSwift

EXTERNAL SOURCES:
  CasePaths:
    :podspec: "./RxComposableArchitecture/development-podspecs/CasePaths.podspec.json"

SPEC CHECKSUMS:
  CasePaths: 24576a4ae8972199d6195c91d6474896755664ed
  RxCocoa: 32065309a38d29b5b0db858819b5bf9ef038b601
  RxRelay: 5a18c2eb2d68326ebaf0112f80d837ae41b92b97
  RxSwift: 81470a2074fa8780320ea5fe4102807cb7118178

PODFILE CHECKSUM: bdbfedd6e6c07d6ea2a086b3db0c40b103a694e7

COCOAPODS: 1.11.2
